
Microsoft Visual Studio Solution File, Format Version 12.00
# Visual Studio Version 17
VisualStudioVersion = 17.5.002.0
MinimumVisualStudioVersion = 10.0.40219.1
Project("{2150E333-8FDC-42A3-9474-1A3956D46DE8}") = "src", "src", "{D1603F06-7F15-4B37-A108-E73A6CC32B0C}"
EndProject
Project("{9A19103F-16F7-4668-BE54-9A1E7A4F7556}") = "AutoComboCraft", "src\AutoComboCraft\AutoComboCraft.csproj", "{57CF00AE-D61F-4C13-B0D1-1E8D05786F80}"
EndProject
Global
	GlobalSection(SolutionConfigurationPlatforms) = preSolution
		Debug|Any CPU = Debug|Any CPU
		Release|Any CPU = Release|Any CPU
	EndGlobalSection
	GlobalSection(ProjectConfigurationPlatforms) = postSolution
		{57CF00AE-D61F-4C13-B0D1-1E8D05786F80}.Debug|Any CPU.ActiveCfg = Debug|Any CPU
		{57CF00AE-D61F-4C13-B0D1-1E8D05786F80}.Debug|Any CPU.Build.0 = Debug|Any CPU
		{57CF00AE-D61F-4C13-B0D1-1E8D05786F80}.Release|Any CPU.ActiveCfg = Release|Any CPU
		{57CF00AE-D61F-4C13-B0D1-1E8D05786F80}.Release|Any CPU.Build.0 = Release|Any CPU
	EndGlobalSection
	GlobalSection(SolutionProperties) = preSolution
		HideSolutionNode = FALSE
	EndGlobalSection
	GlobalSection(NestedProjects) = preSolution
		{57CF00AE-D61F-4C13-B0D1-1E8D05786F80} = {D1603F06-7F15-4B37-A108-E73A6CC32B0C}
	EndGlobalSection
	GlobalSection(ExtensibilityGlobals) = postSolution
		SolutionGuid = {A7357CE5-8ADE-4DD4-8FDF-7C8FD9B80F64}
	EndGlobalSection
EndGlobal
